
Microsoft Visual Studio Solution File, Format Version 12.00
Project("{FAE04EC0-301F-11D3-BF4B-00C04F79EFBC}") = "CleanArchMvc.WebUI", "CleanArchMvc.WebUI\CleanArchMvc.WebUI.csproj", "{DE7D1110-8AD2-4C60-A571-8F3B4428A36B}"
EndProject
Project("{FAE04EC0-301F-11D3-BF4B-00C04F79EFBC}") = "CleanArchMvc.Infra.IoC", "CleanArchMvc.Infra.IoC\CleanArchMvc.Infra.IoC.csproj", "{0656BCB1-079B-4DD3-B526-639E3B8CCD3F}"
EndProject
Project("{FAE04EC0-301F-11D3-BF4B-00C04F79EFBC}") = "CleanArchMvc.Infra.Data", "CleanArchMvc.Infra.Data\CleanArchMvc.Infra.Data.csproj", "{FA2F0EBD-7B6E-44A2-8C9A-77E8CE9AC3BA}"
EndProject
Project("{FAE04EC0-301F-11D3-BF4B-00C04F79EFBC}") = "CleanArchMvc.Application", "CleanArchMvc.Application\CleanArchMvc.Application.csproj", "{F9700F92-4E6D-47FF-9040-EF77E942890B}"
EndProject
Project("{FAE04EC0-301F-11D3-BF4B-00C04F79EFBC}") = "CleanArchMvc.Domain", "CleanArchMvc.Domain\CleanArchMvc.Domain.csproj", "{B8A8A3BC-60F0-4B74-8920-A59BE8632C74}"
EndProject
Project("{FAE04EC0-301F-11D3-BF4B-00C04F79EFBC}") = "CleanArchMvc.Domain.Tests", "CleanArchMvc.Domain.Tests\CleanArchMvc.Domain.Tests.csproj", "{45622484-1F98-48BE-AEE3-88BD0554D8F8}"
EndProject
Global
	GlobalSection(SolutionConfigurationPlatforms) = preSolution
		Debug|Any CPU = Debug|Any CPU
		Release|Any CPU = Release|Any CPU
	EndGlobalSection
	GlobalSection(ProjectConfigurationPlatforms) = postSolution
		{DE7D1110-8AD2-4C60-A571-8F3B4428A36B}.Debug|Any CPU.ActiveCfg = Debug|Any CPU
		{DE7D1110-8AD2-4C60-A571-8F3B4428A36B}.Debug|Any CPU.Build.0 = Debug|Any CPU
		{DE7D1110-8AD2-4C60-A571-8F3B4428A36B}.Release|Any CPU.ActiveCfg = Release|Any CPU
		{DE7D1110-8AD2-4C60-A571-8F3B4428A36B}.Release|Any CPU.Build.0 = Release|Any CPU
		{0656BCB1-079B-4DD3-B526-639E3B8CCD3F}.Debug|Any CPU.ActiveCfg = Debug|Any CPU
		{0656BCB1-079B-4DD3-B526-639E3B8CCD3F}.Debug|Any CPU.Build.0 = Debug|Any CPU
		{0656BCB1-079B-4DD3-B526-639E3B8CCD3F}.Release|Any CPU.ActiveCfg = Release|Any CPU
		{0656BCB1-079B-4DD3-B526-639E3B8CCD3F}.Release|Any CPU.Build.0 = Release|Any CPU
		{FA2F0EBD-7B6E-44A2-8C9A-77E8CE9AC3BA}.Debug|Any CPU.ActiveCfg = Debug|Any CPU
		{FA2F0EBD-7B6E-44A2-8C9A-77E8CE9AC3BA}.Debug|Any CPU.Build.0 = Debug|Any CPU
		{FA2F0EBD-7B6E-44A2-8C9A-77E8CE9AC3BA}.Release|Any CPU.ActiveCfg = Release|Any CPU
		{FA2F0EBD-7B6E-44A2-8C9A-77E8CE9AC3BA}.Release|Any CPU.Build.0 = Release|Any CPU
		{F9700F92-4E6D-47FF-9040-EF77E942890B}.Debug|Any CPU.ActiveCfg = Debug|Any CPU
		{F9700F92-4E6D-47FF-9040-EF77E942890B}.Debug|Any CPU.Build.0 = Debug|Any CPU
		{F9700F92-4E6D-47FF-9040-EF77E942890B}.Release|Any CPU.ActiveCfg = Release|Any CPU
		{F9700F92-4E6D-47FF-9040-EF77E942890B}.Release|Any CPU.Build.0 = Release|Any CPU
		{B8A8A3BC-60F0-4B74-8920-A59BE8632C74}.Debug|Any CPU.ActiveCfg = Debug|Any CPU
		{B8A8A3BC-60F0-4B74-8920-A59BE8632C74}.Debug|Any CPU.Build.0 = Debug|Any CPU
		{B8A8A3BC-60F0-4B74-8920-A59BE8632C74}.Release|Any CPU.ActiveCfg = Release|Any CPU
		{B8A8A3BC-60F0-4B74-8920-A59BE8632C74}.Release|Any CPU.Build.0 = Release|Any CPU
		{45622484-1F98-48BE-AEE3-88BD0554D8F8}.Debug|Any CPU.ActiveCfg = Debug|Any CPU
		{45622484-1F98-48BE-AEE3-88BD0554D8F8}.Debug|Any CPU.Build.0 = Debug|Any CPU
		{45622484-1F98-48BE-AEE3-88BD0554D8F8}.Release|Any CPU.ActiveCfg = Release|Any CPU
		{45622484-1F98-48BE-AEE3-88BD0554D8F8}.Release|Any CPU.Build.0 = Release|Any CPU
	EndGlobalSection
EndGlobal
