
Microsoft Visual Studio Solution File, Format Version 12.00
# Visual Studio Version 17
VisualStudioVersion = 17.9.34714.143
MinimumVisualStudioVersion = 10.0.40219.1
Project("{FAE04EC0-301F-11D3-BF4B-00C04F79EFBC}") = "StrategyPOC", "StrategyPOC\StrategyPOC.csproj", "{1066E72F-B728-4EB8-8884-7D9353B57096}"
EndProject
Global
	GlobalSection(SolutionConfigurationPlatforms) = preSolution
		Debug|Any CPU = Debug|Any CPU
		Release|Any CPU = Release|Any CPU
	EndGlobalSection
	GlobalSection(ProjectConfigurationPlatforms) = postSolution
		{1066E72F-B728-4EB8-8884-7D9353B57096}.Debug|Any CPU.ActiveCfg = Debug|Any CPU
		{1066E72F-B728-4EB8-8884-7D9353B57096}.Debug|Any CPU.Build.0 = Debug|Any CPU
		{1066E72F-B728-4EB8-8884-7D9353B57096}.Release|Any CPU.ActiveCfg = Release|Any CPU
		{1066E72F-B728-4EB8-8884-7D9353B57096}.Release|Any CPU.Build.0 = Release|Any CPU
	EndGlobalSection
	GlobalSection(SolutionProperties) = preSolution
		HideSolutionNode = FALSE
	EndGlobalSection
	GlobalSection(ExtensibilityGlobals) = postSolution
		SolutionGuid = {36BF59E5-2F4E-4A46-9D86-92394428EDCA}
	EndGlobalSection
EndGlobal
